
Microsoft Visual Studio Solution File, Format Version 12.00
# Visual Studio Version 17
VisualStudioVersion = 17.3.32825.248
MinimumVisualStudioVersion = 10.0.40219.1
Project("{FAE04EC0-301F-11D3-BF4B-00C04F79EFBC}") = "MovieHandlerRazor", "MovieHandlerRazor\MovieHandlerRazor.csproj", "{31082FC7-FB76-4B8A-88C8-F86167A9FFD6}"
EndProject
Global
	GlobalSection(SolutionConfigurationPlatforms) = preSolution
		Debug|Any CPU = Debug|Any CPU
		Release|Any CPU = Release|Any CPU
	EndGlobalSection
	GlobalSection(ProjectConfigurationPlatforms) = postSolution
		{31082FC7-FB76-4B8A-88C8-F86167A9FFD6}.Debug|Any CPU.ActiveCfg = Debug|Any CPU
		{31082FC7-FB76-4B8A-88C8-F86167A9FFD6}.Debug|Any CPU.Build.0 = Debug|Any CPU
		{31082FC7-FB76-4B8A-88C8-F86167A9FFD6}.Release|Any CPU.ActiveCfg = Release|Any CPU
		{31082FC7-FB76-4B8A-88C8-F86167A9FFD6}.Release|Any CPU.Build.0 = Release|Any CPU
	EndGlobalSection
	GlobalSection(SolutionProperties) = preSolution
		HideSolutionNode = FALSE
	EndGlobalSection
	GlobalSection(ExtensibilityGlobals) = postSolution
		SolutionGuid = {4CDC6E2A-C210-4BC9-A835-192AEC459C3C}
	EndGlobalSection
EndGlobal
